{
  "name": "shootergame",
  "version": "1.0.0",
  "lockfileVersion": 3,
  "requires": true,
  "packages": {
    "": {
      "name": "shootergame",
      "version": "1.0.0",
      "license": "ISC",
      "dependencies": {
        "diamond-game": "^0.3.5"
      }
    },
    "node_modules/diamond-game": {
      "version": "0.3.5",
      "resolved": "https://registry.npmjs.org/diamond-game/-/diamond-game-0.3.5.tgz",
      "integrity": "sha512-d6bGrauiCEEtMwFdisf1/RddIw47BpKy91bg7eZRPbw6pjSqdcvJ5ptEbD4g7LsmwTDYsaMhmuTEQTVdc0TWow=="
    }
  }
}
